// !$*UTF8*$!
{
	archiveVersion = 1;
	classes = {
	};
	objectVersion = 56;
	objects = {

/* Begin PBXBuildFile section */
		FF00D5AE29269076002E2029 /* SwiftUIView.swift in Sources */ = {isa = PBXBuildFile; fileRef = FF00D5AD29269076002E2029 /* SwiftUIView.swift */; };
		FFCC5CB429252B1E00FAF1A5 /* MusicApp.swift in Sources */ = {isa = PBXBuildFile; fileRef = FFCC5CB329252B1E00FAF1A5 /* MusicApp.swift */; };
		FFCC5CB829252B1E00FAF1A5 /* Assets.xcassets in Resources */ = {isa = PBXBuildFile; fileRef = FFCC5CB729252B1E00FAF1A5 /* Assets.xcassets */; };
		FFCC5CBB29252B1E00FAF1A5 /* Preview Assets.xcassets in Resources */ = {isa = PBXBuildFile; fileRef = FFCC5CBA29252B1E00FAF1A5 /* Preview Assets.xcassets */; };
		FFCC5CC529252B1F00FAF1A5 /* MusicTests.swift in Sources */ = {isa = PBXBuildFile; fileRef = FFCC5CC429252B1F00FAF1A5 /* MusicTests.swift */; };
		FFCC5CCF29252B1F00FAF1A5 /* MusicUITests.swift in Sources */ = {isa = PBXBuildFile; fileRef = FFCC5CCE29252B1F00FAF1A5 /* MusicUITests.swift */; };
		FFCC5CD129252B1F00FAF1A5 /* MusicUITestsLaunchTests.swift in Sources */ = {isa = PBXBuildFile; fileRef = FFCC5CD029252B1F00FAF1A5 /* MusicUITestsLaunchTests.swift */; };
/* End PBXBuildFile section */

/* Begin PBXContainerItemProxy section */
		FFCC5CC129252B1F00FAF1A5 /* PBXContainerItemProxy */ = {
			isa = PBXContainerItemProxy;
			containerPortal = FFCC5CA829252B1D00FAF1A5 /* Project object */;
			proxyType = 1;
			remoteGlobalIDString = FFCC5CAF29252B1E00FAF1A5;
			remoteInfo = Music;
		};
		FFCC5CCB29252B1F00FAF1A5 /* PBXContainerItemProxy */ = {
			isa = PBXContainerItemProxy;
			containerPortal = FFCC5CA829252B1D00FAF1A5 /* Project object */;
			proxyType = 1;
			remoteGlobalIDString = FFCC5CAF29252B1E00FAF1A5;
			remoteInfo = Music;
		};
/* End PBXContainerItemProxy section */

/* Begin PBXFileReference section */
		FF00D5AD29269076002E2029 /* SwiftUIView.swift */ = {isa = PBXFileReference; lastKnownFileType = sourcecode.swift; path = SwiftUIView.swift; sourceTree = "<group>"; };
		FFCC5CB029252B1E00FAF1A5 /* Music.app */ = {isa = PBXFileReference; explicitFileType = wrapper.application; includeInIndex = 0; path = Music.app; sourceTree = BUILT_PRODUCTS_DIR; };
		FFCC5CB329252B1E00FAF1A5 /* MusicApp.swift */ = {isa = PBXFileReference; lastKnownFileType = sourcecode.swift; path = MusicApp.swift; sourceTree = "<group>"; };
		FFCC5CB729252B1E00FAF1A5 /* Assets.xcassets */ = {isa = PBXFileReference; lastKnownFileType = folder.assetcatalog; path = Assets.xcassets; sourceTree = "<group>"; };
		FFCC5CBA29252B1E00FAF1A5 /* Preview Assets.xcassets */ = {isa = PBXFileReference; lastKnownFileType = folder.assetcatalog; path = "Preview Assets.xcassets"; sourceTree = "<group>"; };
		FFCC5CC029252B1F00FAF1A5 /* MusicTests.xctest */ = {isa = PBXFileReference; explicitFileType = wrapper.cfbundle; includeInIndex = 0; path = MusicTests.xctest; sourceTree = BUILT_PRODUCTS_DIR; };
		FFCC5CC429252B1F00FAF1A5 /* MusicTests.swift */ = {isa = PBXFileReference; lastKnownFileType = sourcecode.swift; path = MusicTests.swift; sourceTree = "<group>"; };
		FFCC5CCA29252B1F00FAF1A5 /* MusicUITests.xctest */ = {isa = PBXFileReference; explicitFileType = wrapper.cfbundle; includeInIndex = 0; path = MusicUITests.xctest; sourceTree = BUILT_PRODUCTS_DIR; };
		FFCC5CCE29252B1F00FAF1A5 /* MusicUITests.swift */ = {isa = PBXFileReference; lastKnownFileType = sourcecode.swift; path = MusicUITests.swift; sourceTree = "<group>"; };
		FFCC5CD029252B1F00FAF1A5 /* MusicUITestsLaunchTests.swift */ = {isa = PBXFileReference; lastKnownFileType = sourcecode.swift; path = MusicUITestsLaunchTests.swift; sourceTree = "<group>"; };
/* End PBXFileReference section */

/* Begin PBXFrameworksBuildPhase section */
		FFCC5CAD29252B1E00FAF1A5 /* Frameworks */ = {
			isa = PBXFrameworksBuildPhase;
			buildActionMask = 2147483647;
			files = (
			);
			runOnlyForDeploymentPostprocessing = 0;
		};
		FFCC5CBD29252B1F00FAF1A5 /* Frameworks */ = {
			isa = PBXFrameworksBuildPhase;
			buildActionMask = 2147483647;
			files = (
			);
			runOnlyForDeploymentPostprocessing = 0;
		};
		FFCC5CC729252B1F00FAF1A5 /* Frameworks */ = {
			isa = PBXFrameworksBuildPhase;
			buildActionMask = 2147483647;
			files = (
			);
			runOnlyForDeploymentPostprocessing = 0;
		};
/* End PBXFrameworksBuildPhase section */

/* Begin PBXGroup section */
		FFCC5CA729252B1D00FAF1A5 = {
			isa = PBXGroup;
			children = (
				FFCC5CB229252B1E00FAF1A5 /* Music */,
				FFCC5CC329252B1F00FAF1A5 /* MusicTests */,
				FFCC5CCD29252B1F00FAF1A5 /* MusicUITests */,
				FFCC5CB129252B1E00FAF1A5 /* Products */,
			);
			sourceTree = "<group>";
		};
		FFCC5CB129252B1E00FAF1A5 /* Products */ = {
			isa = PBXGroup;
			children = (
				FFCC5CB029252B1E00FAF1A5 /* Music.app */,
				FFCC5CC029252B1F00FAF1A5 /* MusicTests.xctest */,
				FFCC5CCA29252B1F00FAF1A5 /* MusicUITests.xctest */,
			);
			name = Products;
			sourceTree = "<group>";
		};
		FFCC5CB229252B1E00FAF1A5 /* Music */ = {
			isa = PBXGroup;
			children = (
				FFCC5CB329252B1E00FAF1A5 /* MusicApp.swift */,
				FF00D5AD29269076002E2029 /* SwiftUIView.swift */,
				FFCC5CB729252B1E00FAF1A5 /* Assets.xcassets */,
				FFCC5CB929252B1E00FAF1A5 /* Preview Content */,
			);
			path = Music;
			sourceTree = "<group>";
		};
		FFCC5CB929252B1E00FAF1A5 /* Preview Content */ = {
			isa = PBXGroup;
			children = (
				FFCC5CBA29252B1E00FAF1A5 /* Preview Assets.xcassets */,
			);
			path = "Preview Content";
			sourceTree = "<group>";
		};
		FFCC5CC329252B1F00FAF1A5 /* MusicTests */ = {
			isa = PBXGroup;
			children = (
				FFCC5CC429252B1F00FAF1A5 /* MusicTests.swift */,
			);
			path = MusicTests;
			sourceTree = "<group>";
		};
		FFCC5CCD29252B1F00FAF1A5 /* MusicUITests */ = {
			isa = PBXGroup;
			children = (
				FFCC5CCE29252B1F00FAF1A5 /* MusicUITests.swift */,
				FFCC5CD029252B1F00FAF1A5 /* MusicUITestsLaunchTests.swift */,
			);
			path = MusicUITests;
			sourceTree = "<group>";
		};
/* End PBXGroup section */

/* Begin PBXNativeTarget section */
		FFCC5CAF29252B1E00FAF1A5 /* Music */ = {
			isa = PBXNativeTarget;
			buildConfigurationList = FFCC5CD429252B1F00FAF1A5 /* Build configuration list for PBXNativeTarget "Music" */;
			buildPhases = (
				FFCC5CAC29252B1E00FAF1A5 /* Sources */,
				FFCC5CAD29252B1E00FAF1A5 /* Frameworks */,
				FFCC5CAE29252B1E00FAF1A5 /* Resources */,
			);
			buildRules = (
			);
			dependencies = (
			);
			name = Music;
			productName = Music;
			productReference = FFCC5CB029252B1E00FAF1A5 /* Music.app */;
			productType = "com.apple.product-type.application";
		};
		FFCC5CBF29252B1F00FAF1A5 /* MusicTests */ = {
			isa = PBXNativeTarget;
			buildConfigurationList = FFCC5CD729252B1F00FAF1A5 /* Build configuration list for PBXNativeTarget "MusicTests" */;
			buildPhases = (
				FFCC5CBC29252B1F00FAF1A5 /* Sources */,
				FFCC5CBD29252B1F00FAF1A5 /* Frameworks */,
				FFCC5CBE29252B1F00FAF1A5 /* Resources */,
			);
			buildRules = (
			);
			dependencies = (
				FFCC5CC229252B1F00FAF1A5 /* PBXTargetDependency */,
			);
			name = MusicTests;
			productName = MusicTests;
			productReference = FFCC5CC029252B1F00FAF1A5 /* MusicTests.xctest */;
			productType = "com.apple.product-type.bundle.unit-test";
		};
		FFCC5CC929252B1F00FAF1A5 /* MusicUITests */ = {
			isa = PBXNativeTarget;
			buildConfigurationList = FFCC5CDA29252B1F00FAF1A5 /* Build configuration list for PBXNativeTarget "MusicUITests" */;
			buildPhases = (
				FFCC5CC629252B1F00FAF1A5 /* Sources */,
				FFCC5CC729252B1F00FAF1A5 /* Frameworks */,
				FFCC5CC829252B1F00FAF1A5 /* Resources */,
			);
			buildRules = (
			);
			dependencies = (
				FFCC5CCC29252B1F00FAF1A5 /* PBXTargetDependency */,
			);
			name = MusicUITests;
			productName = MusicUITests;
			productReference = FFCC5CCA29252B1F00FAF1A5 /* MusicUITests.xctest */;
			productType = "com.apple.product-type.bundle.ui-testing";
		};
/* End PBXNativeTarget section */

/* Begin PBXProject section */
		FFCC5CA829252B1D00FAF1A5 /* Project object */ = {
			isa = PBXProject;
			attributes = {
				BuildIndependentTargetsInParallel = 1;
				LastSwiftUpdateCheck = 1410;
				LastUpgradeCheck = 1410;
				TargetAttributes = {
					FFCC5CAF29252B1E00FAF1A5 = {
						CreatedOnToolsVersion = 14.1;
					};
					FFCC5CBF29252B1F00FAF1A5 = {
						CreatedOnToolsVersion = 14.1;
						TestTargetID = FFCC5CAF29252B1E00FAF1A5;
					};
					FFCC5CC929252B1F00FAF1A5 = {
						CreatedOnToolsVersion = 14.1;
						TestTargetID = FFCC5CAF29252B1E00FAF1A5;
					};
				};
			};
			buildConfigurationList = FFCC5CAB29252B1D00FAF1A5 /* Build configuration list for PBXProject "Music" */;
			compatibilityVersion = "Xcode 14.0";
			developmentRegion = en;
			hasScannedForEncodings = 0;
			knownRegions = (
				en,
				Base,
			);
			mainGroup = FFCC5CA729252B1D00FAF1A5;
			productRefGroup = FFCC5CB129252B1E00FAF1A5 /* Products */;
			projectDirPath = "";
			projectRoot = "";
			targets = (
				FFCC5CAF29252B1E00FAF1A5 /* Music */,
				FFCC5CBF29252B1F00FAF1A5 /* MusicTests */,
				FFCC5CC929252B1F00FAF1A5 /* MusicUITests */,
			);
		};
/* End PBXProject section */

/* Begin PBXResourcesBuildPhase section */
		FFCC5CAE29252B1E00FAF1A5 /* Resources */ = {
			isa = PBXResourcesBuildPhase;
			buildActionMask = 2147483647;
			files = (
				FFCC5CBB29252B1E00FAF1A5 /* Preview Assets.xcassets in Resources */,
				FFCC5CB829252B1E00FAF1A5 /* Assets.xcassets in Resources */,
			);
			runOnlyForDeploymentPostprocessing = 0;
		};
		FFCC5CBE29252B1F00FAF1A5 /* Resources */ = {
			isa = PBXResourcesBuildPhase;
			buildActionMask = 2147483647;
			files = (
			);
			runOnlyForDeploymentPostprocessing = 0;
		};
		FFCC5CC829252B1F00FAF1A5 /* Resources */ = {
			isa = PBXResourcesBuildPhase;
			buildActionMask = 2147483647;
			files = (
			);
			runOnlyForDeploymentPostprocessing = 0;
		};
/* End PBXResourcesBuildPhase section */

/* Begin PBXSourcesBuildPhase section */
		FFCC5CAC29252B1E00FAF1A5 /* Sources */ = {
			isa = PBXSourcesBuildPhase;
			buildActionMask = 2147483647;
			files = (
				FF00D5AE29269076002E2029 /* SwiftUIView.swift in Sources */,
				FFCC5CB429252B1E00FAF1A5 /* MusicApp.swift in Sources */,
			);
			runOnlyForDeploymentPostprocessing = 0;
		};
		FFCC5CBC29252B1F00FAF1A5 /* Sources */ = {
			isa = PBXSourcesBuildPhase;
			buildActionMask = 2147483647;
			files = (
				FFCC5CC529252B1F00FAF1A5 /* MusicTests.swift in Sources */,
			);
			runOnlyForDeploymentPostprocessing = 0;
		};
		FFCC5CC629252B1F00FAF1A5 /* Sources */ = {
			isa = PBXSourcesBuildPhase;
			buildActionMask = 2147483647;
			files = (
				FFCC5CD129252B1F00FAF1A5 /* MusicUITestsLaunchTests.swift in Sources */,
				FFCC5CCF29252B1F00FAF1A5 /* MusicUITests.swift in Sources */,
			);
			runOnlyForDeploymentPostprocessing = 0;
		};
/* End PBXSourcesBuildPhase section */

/* Begin PBXTargetDependency section */
		FFCC5CC229252B1F00FAF1A5 /* PBXTargetDependency */ = {
			isa = PBXTargetDependency;
			target = FFCC5CAF29252B1E00FAF1A5 /* Music */;
			targetProxy = FFCC5CC129252B1F00FAF1A5 /* PBXContainerItemProxy */;
		};
		FFCC5CCC29252B1F00FAF1A5 /* PBXTargetDependency */ = {
			isa = PBXTargetDependency;
			target = FFCC5CAF29252B1E00FAF1A5 /* Music */;
			targetProxy = FFCC5CCB29252B1F00FAF1A5 /* PBXContainerItemProxy */;
		};
/* End PBXTargetDependency section */

/* Begin XCBuildConfiguration section */
		FFCC5CD229252B1F00FAF1A5 /* Debug */ = {
			isa = XCBuildConfiguration;
			buildSettings = {
				ALWAYS_SEARCH_USER_PATHS = NO;
				CLANG_ANALYZER_NONNULL = YES;
				CLANG_ANALYZER_NUMBER_OBJECT_CONVERSION = YES_AGGRESSIVE;
				CLANG_CXX_LANGUAGE_STANDARD = "gnu++20";
				CLANG_ENABLE_MODULES = YES;
				CLANG_ENABLE_OBJC_ARC = YES;
				CLANG_ENABLE_OBJC_WEAK = YES;
				CLANG_WARN_BLOCK_CAPTURE_AUTORELEASING = YES;
				CLANG_WARN_BOOL_CONVERSION = YES;
				CLANG_WARN_COMMA = YES;
				CLANG_WARN_CONSTANT_CONVERSION = YES;
				CLANG_WARN_DEPRECATED_OBJC_IMPLEMENTATIONS = YES;
				CLANG_WARN_DIRECT_OBJC_ISA_USAGE = YES_ERROR;
				CLANG_WARN_DOCUMENTATION_COMMENTS = YES;
				CLANG_WARN_EMPTY_BODY = YES;
				CLANG_WARN_ENUM_CONVERSION = YES;
				CLANG_WARN_INFINITE_RECURSION = YES;
				CLANG_WARN_INT_CONVERSION = YES;
				CLANG_WARN_NON_LITERAL_NULL_CONVERSION = YES;
				CLANG_WARN_OBJC_IMPLICIT_RETAIN_SELF = YES;
				CLANG_WARN_OBJC_LITERAL_CONVERSION = YES;
				CLANG_WARN_OBJC_ROOT_CLASS = YES_ERROR;
				CLANG_WARN_QUOTED_INCLUDE_IN_FRAMEWORK_HEADER = YES;
				CLANG_WARN_RANGE_LOOP_ANALYSIS = YES;
				CLANG_WARN_STRICT_PROTOTYPES = YES;
				CLANG_WARN_SUSPICIOUS_MOVE = YES;
				CLANG_WARN_UNGUARDED_AVAILABILITY = YES_AGGRESSIVE;
				CLANG_WARN_UNREACHABLE_CODE = YES;
				CLANG_WARN__DUPLICATE_METHOD_MATCH = YES;
				COPY_PHASE_STRIP = NO;
				DEBUG_INFORMATION_FORMAT = dwarf;
				ENABLE_STRICT_OBJC_MSGSEND = YES;
				ENABLE_TESTABILITY = YES;
				GCC_C_LANGUAGE_STANDARD = gnu11;
				GCC_DYNAMIC_NO_PIC = NO;
				GCC_NO_COMMON_BLOCKS = YES;
				GCC_OPTIMIZATION_LEVEL = 0;
				GCC_PREPROCESSOR_DEFINITIONS = (
					"DEBUG=1",
					"$(inherited)",
				);
				GCC_WARN_64_TO_32_BIT_CONVERSION = YES;
				GCC_WARN_ABOUT_RETURN_TYPE = YES_ERROR;
				GCC_WARN_UNDECLARED_SELECTOR = YES;
				GCC_WARN_UNINITIALIZED_AUTOS = YES_AGGRESSIVE;
				GCC_WARN_UNUSED_FUNCTION = YES;
				GCC_WARN_UNUSED_VARIABLE = YES;
				IPHONEOS_DEPLOYMENT_TARGET = 16.1;
				MTL_ENABLE_DEBUG_INFO = INCLUDE_SOURCE;
				MTL_FAST_MATH = YES;
				ONLY_ACTIVE_ARCH = YES;
				SDKROOT = iphoneos;
				SWIFT_ACTIVE_COMPILATION_CONDITIONS = DEBUG;
				SWIFT_OPTIMIZATION_LEVEL = "-Onone";
			};
			name = Debug;
		};
		FFCC5CD329252B1F00FAF1A5 /* Release */ = {
			isa = XCBuildConfiguration;
			buildSettings = {
				ALWAYS_SEARCH_USER_PATHS = NO;
				CLANG_ANALYZER_NONNULL = YES;
				CLANG_ANALYZER_NUMBER_OBJECT_CONVERSION = YES_AGGRESSIVE;
				CLANG_CXX_LANGUAGE_STANDARD = "gnu++20";
				CLANG_ENABLE_MODULES = YES;
				CLANG_ENABLE_OBJC_ARC = YES;
				CLANG_ENABLE_OBJC_WEAK = YES;
				CLANG_WARN_BLOCK_CAPTURE_AUTORELEASING = YES;
				CLANG_WARN_BOOL_CONVERSION = YES;
				CLANG_WARN_COMMA = YES;
				CLANG_WARN_CONSTANT_CONVERSION = YES;
				CLANG_WARN_DEPRECATED_OBJC_IMPLEMENTATIONS = YES;
				CLANG_WARN_DIRECT_OBJC_ISA_USAGE = YES_ERROR;
				CLANG_WARN_DOCUMENTATION_COMMENTS = YES;
				CLANG_WARN_EMPTY_BODY = YES;
				CLANG_WARN_ENUM_CONVERSION = YES;
				CLANG_WARN_INFINITE_RECURSION = YES;
				CLANG_WARN_INT_CONVERSION = YES;
				CLANG_WARN_NON_LITERAL_NULL_CONVERSION = YES;
				CLANG_WARN_OBJC_IMPLICIT_RETAIN_SELF = YES;
				CLANG_WARN_OBJC_LITERAL_CONVERSION = YES;
				CLANG_WARN_OBJC_ROOT_CLASS = YES_ERROR;
				CLANG_WARN_QUOTED_INCLUDE_IN_FRAMEWORK_HEADER = YES;
				CLANG_WARN_RANGE_LOOP_ANALYSIS = YES;
				CLANG_WARN_STRICT_PROTOTYPES = YES;
				CLANG_WARN_SUSPICIOUS_MOVE = YES;
				CLANG_WARN_UNGUARDED_AVAILABILITY = YES_AGGRESSIVE;
				CLANG_WARN_UNREACHABLE_CODE = YES;
				CLANG_WARN__DUPLICATE_METHOD_MATCH = YES;
				COPY_PHASE_STRIP = NO;
				DEBUG_INFORMATION_FORMAT = "dwarf-with-dsym";
				ENABLE_NS_ASSERTIONS = NO;
				ENABLE_STRICT_OBJC_MSGSEND = YES;
				GCC_C_LANGUAGE_STANDARD = gnu11;
				GCC_NO_COMMON_BLOCKS = YES;
				GCC_WARN_64_TO_32_BIT_CONVERSION = YES;
				GCC_WARN_ABOUT_RETURN_TYPE = YES_ERROR;
				GCC_WARN_UNDECLARED_SELECTOR = YES;
				GCC_WARN_UNINITIALIZED_AUTOS = YES_AGGRESSIVE;
				GCC_WARN_UNUSED_FUNCTION = YES;
				GCC_WARN_UNUSED_VARIABLE = YES;
				IPHONEOS_DEPLOYMENT_TARGET = 16.1;
				MTL_ENABLE_DEBUG_INFO = NO;
				MTL_FAST_MATH = YES;
				SDKROOT = iphoneos;
				SWIFT_COMPILATION_MODE = wholemodule;
				SWIFT_OPTIMIZATION_LEVEL = "-O";
				VALIDATE_PRODUCT = YES;
			};
			name = Release;
		};
		FFCC5CD529252B1F00FAF1A5 /* Debug */ = {
			isa = XCBuildConfiguration;
			buildSettings = {
				ASSETCATALOG_COMPILER_APPICON_NAME = AppIcon;
				ASSETCATALOG_COMPILER_GLOBAL_ACCENT_COLOR_NAME = AccentColor;
				CODE_SIGN_STYLE = Automatic;
				CURRENT_PROJECT_VERSION = 1;
				DEVELOPMENT_ASSET_PATHS = "\"Music/Preview Content\"";
				DEVELOPMENT_TEAM = 9SHBSTPR65;
				ENABLE_PREVIEWS = YES;
				GENERATE_INFOPLIST_FILE = YES;
				INFOPLIST_KEY_UIApplicationSceneManifest_Generation = YES;
				INFOPLIST_KEY_UIApplicationSupportsIndirectInputEvents = YES;
				INFOPLIST_KEY_UILaunchScreen_Generation = YES;
				INFOPLIST_KEY_UISupportedInterfaceOrientations_iPad = "UIInterfaceOrientationPortrait UIInterfaceOrientationPortraitUpsideDown UIInterfaceOrientationLandscapeLeft UIInterfaceOrientationLandscapeRight";
				INFOPLIST_KEY_UISupportedInterfaceOrientations_iPhone = "UIInterfaceOrientationPortrait UIInterfaceOrientationLandscapeLeft UIInterfaceOrientationLandscapeRight";
				LD_RUNPATH_SEARCH_PATHS = (
					"$(inherited)",
					"@executable_path/Frameworks",
				);
				MARKETING_VERSION = 1.0;
				PRODUCT_BUNDLE_IDENTIFIER = FED.Music;
				PRODUCT_NAME = "$(TARGET_NAME)";
				SWIFT_EMIT_LOC_STRINGS = YES;
				SWIFT_VERSION = 5.0;
				TARGETED_DEVICE_FAMILY = "1,2";
			};
			name = Debug;
		};
		FFCC5CD629252B1F00FAF1A5 /* Release */ = {
			isa = XCBuildConfiguration;
			buildSettings = {
				ASSETCATALOG_COMPILER_APPICON_NAME = AppIcon;
				ASSETCATALOG_COMPILER_GLOBAL_ACCENT_COLOR_NAME = AccentColor;
				CODE_SIGN_STYLE = Automatic;
				CURRENT_PROJECT_VERSION = 1;
				DEVELOPMENT_ASSET_PATHS = "\"Music/Preview Content\"";
				DEVELOPMENT_TEAM = 9SHBSTPR65;
				ENABLE_PREVIEWS = YES;
				GENERATE_INFOPLIST_FILE = YES;
				INFOPLIST_KEY_UIApplicationSceneManifest_Generation = YES;
				INFOPLIST_KEY_UIApplicationSupportsIndirectInputEvents = YES;
				INFOPLIST_KEY_UILaunchScreen_Generation = YES;
				INFOPLIST_KEY_UISupportedInterfaceOrientations_iPad = "UIInterfaceOrientationPortrait UIInterfaceOrientationPortraitUpsideDown UIInterfaceOrientationLandscapeLeft UIInterfaceOrientationLandscapeRight";
				INFOPLIST_KEY_UISupportedInterfaceOrientations_iPhone = "UIInterfaceOrientationPortrait UIInterfaceOrientationLandscapeLeft UIInterfaceOrientationLandscapeRight";
				LD_RUNPATH_SEARCH_PATHS = (
					"$(inherited)",
					"@executable_path/Frameworks",
				);
				MARKETING_VERSION = 1.0;
				PRODUCT_BUNDLE_IDENTIFIER = FED.Music;
				PRODUCT_NAME = "$(TARGET_NAME)";
				SWIFT_EMIT_LOC_STRINGS = YES;
				SWIFT_VERSION = 5.0;
				TARGETED_DEVICE_FAMILY = "1,2";
			};
			name = Release;
		};
		FFCC5CD829252B1F00FAF1A5 /* Debug */ = {
			isa = XCBuildConfiguration;
			buildSettings = {
				ALWAYS_EMBED_SWIFT_STANDARD_LIBRARIES = YES;
				BUNDLE_LOADER = "$(TEST_HOST)";
				CODE_SIGN_STYLE = Automatic;
				CURRENT_PROJECT_VERSION = 1;
				DEVELOPMENT_TEAM = 9SHBSTPR65;
				GENERATE_INFOPLIST_FILE = YES;
				IPHONEOS_DEPLOYMENT_TARGET = 16.1;
				MARKETING_VERSION = 1.0;
				PRODUCT_BUNDLE_IDENTIFIER = FED.MusicTests;
				PRODUCT_NAME = "$(TARGET_NAME)";
				SWIFT_EMIT_LOC_STRINGS = NO;
				SWIFT_VERSION = 5.0;
				TARGETED_DEVICE_FAMILY = "1,2";
				TEST_HOST = "$(BUILT_PRODUCTS_DIR)/Music.app/$(BUNDLE_EXECUTABLE_FOLDER_PATH)/Music";
			};
			name = Debug;
		};
		FFCC5CD929252B1F00FAF1A5 /* Release */ = {
			isa = XCBuildConfiguration;
			buildSettings = {
				ALWAYS_EMBED_SWIFT_STANDARD_LIBRARIES = YES;
				BUNDLE_LOADER = "$(TEST_HOST)";
				CODE_SIGN_STYLE = Automatic;
				CURRENT_PROJECT_VERSION = 1;
				DEVELOPMENT_TEAM = 9SHBSTPR65;
				GENERATE_INFOPLIST_FILE = YES;
				IPHONEOS_DEPLOYMENT_TARGET = 16.1;
				MARKETING_VERSION = 1.0;
				PRODUCT_BUNDLE_IDENTIFIER = FED.MusicTests;
				PRODUCT_NAME = "$(TARGET_NAME)";
				SWIFT_EMIT_LOC_STRINGS = NO;
				SWIFT_VERSION = 5.0;
				TARGETED_DEVICE_FAMILY = "1,2";
				TEST_HOST = "$(BUILT_PRODUCTS_DIR)/Music.app/$(BUNDLE_EXECUTABLE_FOLDER_PATH)/Music";
			};
			name = Release;
		};
		FFCC5CDB29252B1F00FAF1A5 /* Debug */ = {
			isa = XCBuildConfiguration;
			buildSettings = {
				ALWAYS_EMBED_SWIFT_STANDARD_LIBRARIES = YES;
				CODE_SIGN_STYLE = Automatic;
				CURRENT_PROJECT_VERSION = 1;
				DEVELOPMENT_TEAM = 9SHBSTPR65;
				GENERATE_INFOPLIST_FILE = YES;
				MARKETING_VERSION = 1.0;
				PRODUCT_BUNDLE_IDENTIFIER = FED.MusicUITests;
				PRODUCT_NAME = "$(TARGET_NAME)";
				SWIFT_EMIT_LOC_STRINGS = NO;
				SWIFT_VERSION = 5.0;
				TARGETED_DEVICE_FAMILY = "1,2";
				TEST_TARGET_NAME = Music;
			};
			name = Debug;
		};
		FFCC5CDC29252B1F00FAF1A5 /* Release */ = {
			isa = XCBuildConfiguration;
			buildSettings = {
				ALWAYS_EMBED_SWIFT_STANDARD_LIBRARIES = YES;
				CODE_SIGN_STYLE = Automatic;
				CURRENT_PROJECT_VERSION = 1;
				DEVELOPMENT_TEAM = 9SHBSTPR65;
				GENERATE_INFOPLIST_FILE = YES;
				MARKETING_VERSION = 1.0;
				PRODUCT_BUNDLE_IDENTIFIER = FED.MusicUITests;
				PRODUCT_NAME = "$(TARGET_NAME)";
				SWIFT_EMIT_LOC_STRINGS = NO;
				SWIFT_VERSION = 5.0;
				TARGETED_DEVICE_FAMILY = "1,2";
				TEST_TARGET_NAME = Music;
			};
			name = Release;
		};
/* End XCBuildConfiguration section */

/* Begin XCConfigurationList section */
		FFCC5CAB29252B1D00FAF1A5 /* Build configuration list for PBXProject "Music" */ = {
			isa = XCConfigurationList;
			buildConfigurations = (
				FFCC5CD229252B1F00FAF1A5 /* Debug */,
				FFCC5CD329252B1F00FAF1A5 /* Release */,
			);
			defaultConfigurationIsVisible = 0;
			defaultConfigurationName = Release;
		};
		FFCC5CD429252B1F00FAF1A5 /* Build configuration list for PBXNativeTarget "Music" */ = {
			isa = XCConfigurationList;
			buildConfigurations = (
				FFCC5CD529252B1F00FAF1A5 /* Debug */,
				FFCC5CD629252B1F00FAF1A5 /* Release */,
			);
			defaultConfigurationIsVisible = 0;
			defaultConfigurationName = Release;
		};
		FFCC5CD729252B1F00FAF1A5 /* Build configuration list for PBXNativeTarget "MusicTests" */ = {
			isa = XCConfigurationList;
			buildConfigurations = (
				FFCC5CD829252B1F00FAF1A5 /* Debug */,
				FFCC5CD929252B1F00FAF1A5 /* Release */,
			);
			defaultConfigurationIsVisible = 0;
			defaultConfigurationName = Release;
		};
		FFCC5CDA29252B1F00FAF1A5 /* Build configuration list for PBXNativeTarget "MusicUITests" */ = {
			isa = XCConfigurationList;
			buildConfigurations = (
				FFCC5CDB29252B1F00FAF1A5 /* Debug */,
				FFCC5CDC29252B1F00FAF1A5 /* Release */,
			);
			defaultConfigurationIsVisible = 0;
			defaultConfigurationName = Release;
		};
/* End XCConfigurationList section */
	};
	rootObject = FFCC5CA829252B1D00FAF1A5 /* Project object */;
}
